
Microsoft Visual Studio Solution File, Format Version 12.00
# Visual Studio 15
VisualStudioVersion = 15.0.27130.2027
MinimumVisualStudioVersion = 10.0.40219.1
Project("{FAE04EC0-301F-11D3-BF4B-00C04F79EFBC}") = "SccmRelay.Interface", "SccmRelay.Interface\SccmRelay.Interface.csproj", "{334319F5-A8E3-403E-A33F-AD33C5949F12}"
EndProject
Project("{FAE04EC0-301F-11D3-BF4B-00C04F79EFBC}") = "SccmRelayClient", "..\SccmRelayClient\SccmRelayClient\SccmRelayClient.csproj", "{7D37D486-8116-44B0-B9F1-540D7DBFAC70}"
EndProject
Project("{2150E333-8FDC-42A3-9474-1A3956D46DE8}") = "Agent", "Agent", "{52170ECC-E8DB-4EA7-93CB-E8B74BC79254}"
EndProject
Project("{2150E333-8FDC-42A3-9474-1A3956D46DE8}") = "Client", "Client", "{DEC3C3D9-8A99-4543-B2DF-084A8DDB2B4E}"
EndProject
Project("{2150E333-8FDC-42A3-9474-1A3956D46DE8}") = "Web", "Web", "{17BD6D7E-A3E1-4032-B456-F2AECA3D17E6}"
EndProject
Project("{FAE04EC0-301F-11D3-BF4B-00C04F79EFBC}") = "SccmRelayWeb", "..\SccmRelayWeb\SccmRelayWeb\SccmRelayWeb.csproj", "{49CBF790-AD4F-49ED-B0C5-9CD974A50A6B}"
EndProject
Project("{2150E333-8FDC-42A3-9474-1A3956D46DE8}") = "WebClient", "WebClient", "{2FBD27CB-06BB-4995-9FAC-AC42B044AA9D}"
	ProjectSection(SolutionItems) = preProject
		..\SccmRelayWebClient\A_JustDownloadCertificate.bat = ..\SccmRelayWebClient\A_JustDownloadCertificate.bat
		..\SccmRelayWebClient\B_DownloadAndRegisterCertificate.bat = ..\SccmRelayWebClient\B_DownloadAndRegisterCertificate.bat
		..\SccmRelayWebClient\DownloadCertificate.ps1 = ..\SccmRelayWebClient\DownloadCertificate.ps1
		..\SccmRelayWebClient\DownloadCertificate_Scenario2.ps1 = ..\SccmRelayWebClient\DownloadCertificate_Scenario2.ps1
		..\SccmRelayWebClient\DownloadCertificate_Scenario3.ps1 = ..\SccmRelayWebClient\DownloadCertificate_Scenario3.ps1
	EndProjectSection
EndProject
Project("{2150E333-8FDC-42A3-9474-1A3956D46DE8}") = "External", "External", "{2C20E531-CF9F-4E8F-9E5B-3529CBBAC10A}"
	ProjectSection(SolutionItems) = preProject
		lib\Request-Certificate.ps1 = lib\Request-Certificate.ps1
	EndProjectSection
EndProject
Project("{FAE04EC0-301F-11D3-BF4B-00C04F79EFBC}") = "SccmRelay.ConsoleApp", "SccmRelay.ConsoleApp\SccmRelay.ConsoleApp.csproj", "{8FD0CD76-D6C7-4052-8259-2FEE4121DA5A}"
EndProject
Project("{FAE04EC0-301F-11D3-BF4B-00C04F79EFBC}") = "SccmRelay", "SccmRelay\SccmRelay.csproj", "{2A75D6FF-3D6A-429C-9A6D-51BF53124D61}"
EndProject
Project("{FAE04EC0-301F-11D3-BF4B-00C04F79EFBC}") = "SccmRelay.WindowsService", "SccmRelay.WindowsService\SccmRelay.WindowsService.csproj", "{7DCF5D85-494A-4346-A0D2-37CB03C8F970}"
EndProject
Project("{2150E333-8FDC-42A3-9474-1A3956D46DE8}") = "Hosts", "Hosts", "{31201265-7FFB-4F30-8D18-405D998C0D60}"
EndProject
Global
	GlobalSection(SolutionConfigurationPlatforms) = preSolution
		Debug|Any CPU = Debug|Any CPU
		Release|Any CPU = Release|Any CPU
	EndGlobalSection
	GlobalSection(ProjectConfigurationPlatforms) = postSolution
		{334319F5-A8E3-403E-A33F-AD33C5949F12}.Debug|Any CPU.ActiveCfg = Debug|Any CPU
		{334319F5-A8E3-403E-A33F-AD33C5949F12}.Debug|Any CPU.Build.0 = Debug|Any CPU
		{334319F5-A8E3-403E-A33F-AD33C5949F12}.Release|Any CPU.ActiveCfg = Release|Any CPU
		{334319F5-A8E3-403E-A33F-AD33C5949F12}.Release|Any CPU.Build.0 = Release|Any CPU
		{7D37D486-8116-44B0-B9F1-540D7DBFAC70}.Debug|Any CPU.ActiveCfg = Debug|Any CPU
		{7D37D486-8116-44B0-B9F1-540D7DBFAC70}.Debug|Any CPU.Build.0 = Debug|Any CPU
		{7D37D486-8116-44B0-B9F1-540D7DBFAC70}.Release|Any CPU.ActiveCfg = Release|Any CPU
		{7D37D486-8116-44B0-B9F1-540D7DBFAC70}.Release|Any CPU.Build.0 = Release|Any CPU
		{49CBF790-AD4F-49ED-B0C5-9CD974A50A6B}.Debug|Any CPU.ActiveCfg = Debug|Any CPU
		{49CBF790-AD4F-49ED-B0C5-9CD974A50A6B}.Debug|Any CPU.Build.0 = Debug|Any CPU
		{49CBF790-AD4F-49ED-B0C5-9CD974A50A6B}.Release|Any CPU.ActiveCfg = Release|Any CPU
		{49CBF790-AD4F-49ED-B0C5-9CD974A50A6B}.Release|Any CPU.Build.0 = Release|Any CPU
		{8FD0CD76-D6C7-4052-8259-2FEE4121DA5A}.Debug|Any CPU.ActiveCfg = Debug|Any CPU
		{8FD0CD76-D6C7-4052-8259-2FEE4121DA5A}.Debug|Any CPU.Build.0 = Debug|Any CPU
		{8FD0CD76-D6C7-4052-8259-2FEE4121DA5A}.Release|Any CPU.ActiveCfg = Release|Any CPU
		{8FD0CD76-D6C7-4052-8259-2FEE4121DA5A}.Release|Any CPU.Build.0 = Release|Any CPU
		{2A75D6FF-3D6A-429C-9A6D-51BF53124D61}.Debug|Any CPU.ActiveCfg = Debug|Any CPU
		{2A75D6FF-3D6A-429C-9A6D-51BF53124D61}.Debug|Any CPU.Build.0 = Debug|Any CPU
		{2A75D6FF-3D6A-429C-9A6D-51BF53124D61}.Release|Any CPU.ActiveCfg = Release|Any CPU
		{2A75D6FF-3D6A-429C-9A6D-51BF53124D61}.Release|Any CPU.Build.0 = Release|Any CPU
		{7DCF5D85-494A-4346-A0D2-37CB03C8F970}.Debug|Any CPU.ActiveCfg = Debug|Any CPU
		{7DCF5D85-494A-4346-A0D2-37CB03C8F970}.Debug|Any CPU.Build.0 = Debug|Any CPU
		{7DCF5D85-494A-4346-A0D2-37CB03C8F970}.Release|Any CPU.ActiveCfg = Release|Any CPU
		{7DCF5D85-494A-4346-A0D2-37CB03C8F970}.Release|Any CPU.Build.0 = Release|Any CPU
	EndGlobalSection
	GlobalSection(SolutionProperties) = preSolution
		HideSolutionNode = FALSE
	EndGlobalSection
	GlobalSection(NestedProjects) = preSolution
		{334319F5-A8E3-403E-A33F-AD33C5949F12} = {52170ECC-E8DB-4EA7-93CB-E8B74BC79254}
		{7D37D486-8116-44B0-B9F1-540D7DBFAC70} = {DEC3C3D9-8A99-4543-B2DF-084A8DDB2B4E}
		{49CBF790-AD4F-49ED-B0C5-9CD974A50A6B} = {17BD6D7E-A3E1-4032-B456-F2AECA3D17E6}
		{2C20E531-CF9F-4E8F-9E5B-3529CBBAC10A} = {52170ECC-E8DB-4EA7-93CB-E8B74BC79254}
		{8FD0CD76-D6C7-4052-8259-2FEE4121DA5A} = {31201265-7FFB-4F30-8D18-405D998C0D60}
		{2A75D6FF-3D6A-429C-9A6D-51BF53124D61} = {52170ECC-E8DB-4EA7-93CB-E8B74BC79254}
		{7DCF5D85-494A-4346-A0D2-37CB03C8F970} = {31201265-7FFB-4F30-8D18-405D998C0D60}
		{31201265-7FFB-4F30-8D18-405D998C0D60} = {52170ECC-E8DB-4EA7-93CB-E8B74BC79254}
	EndGlobalSection
	GlobalSection(ExtensibilityGlobals) = postSolution
		SolutionGuid = {E04EAD1A-C25C-468E-ADE3-7F5F3BD8E286}
	EndGlobalSection
EndGlobal
